<?xml version="1.0" encoding="utf-8"?>
<Project ToolsVersion="4.0" xmlns="http://schemas.microsoft.com/developer/msbuild/2003">
  <ItemGroup>
    <Filter Include="源文件">
      <UniqueIdentifier>{4FC737F1-C7A5-4376-A066-2A32D752A2FF}</UniqueIdentifier>
      <Extensions>cpp;c;cc;cxx;def;odl;idl;hpj;bat;asm;asmx</Extensions>
    </Filter>
    <Filter Include="头文件">
      <UniqueIdentifier>{93995380-89BD-4b04-88EB-625FBE52EBFB}</UniqueIdentifier>
      <Extensions>h;hh;hpp;hxx;hm;inl;inc;ipp;xsd</Extensions>
    </Filter>
    <Filter Include="资源文件">
      <UniqueIdentifier>{67DA6AB6-F800-4c08-8B7A-83BB121AAD01}</UniqueIdentifier>
      <Extensions>rc;ico;cur;bmp;dlg;rc2;rct;bin;rgs;gif;jpg;jpeg;jpe;resx;tiff;tif;png;wav;mfcribbon-ms</Extensions>
    </Filter>
    <Filter Include="头文件\Pickup">
      <UniqueIdentifier>{a1029ddb-deb0-4311-9261-d27a72c8a455}</UniqueIdentifier>
    </Filter>
    <Filter Include="头文件\Interactive">
      <UniqueIdentifier>{31741b53-830b-4279-8507-de0a6d00c840}</UniqueIdentifier>
    </Filter>
    <Filter Include="源文件\Pickup">
      <UniqueIdentifier>{d3a2d551-817a-4c91-ae32-d92ca25c2bc5}</UniqueIdentifier>
    </Filter>
    <Filter Include="源文件\Interactive">
      <UniqueIdentifier>{b8e1d1e4-1882-4984-87a2-1ffc1d79ceeb}</UniqueIdentifier>
    </Filter>
  </ItemGroup>
  <ItemGroup>
    <ClInclude Include="land.h">
      <Filter>头文件</Filter>
    </ClInclude>
    <ClInclude Include="player.h">
      <Filter>头文件</Filter>
    </ClInclude>
    <ClInclude Include="GlobalParameter.h">
      <Filter>头文件</Filter>
    </ClInclude>
    <ClInclude Include="CommonStructure.h">
      <Filter>头文件</Filter>
    </ClInclude>
    <ClInclude Include="PickupBase.h">
      <Filter>头文件\Pickup</Filter>
    </ClInclude>
    <ClInclude Include="Tree.h">
      <Filter>头文件\Pickup</Filter>
    </ClInclude>
    <ClInclude Include="Stone.h">
      <Filter>头文件\Pickup</Filter>
    </ClInclude>
    <ClInclude Include="Seed.h">
      <Filter>头文件\Pickup</Filter>
    </ClInclude>
    <ClInclude Include="InteractiveBase.h">
      <Filter>头文件\Interactive</Filter>
    </ClInclude>
    <ClInclude Include="Constructer.h">
      <Filter>头文件\Interactive</Filter>
    </ClInclude>
    <ClInclude Include="Cooker.h">
      <Filter>头文件\Interactive</Filter>
    </ClInclude>
    <ClInclude Include="Gardener.h">
      <Filter>头文件\Interactive</Filter>
    </ClInclude>
    <ClInclude Include="Placer.h">
      <Filter>头文件\Interactive</Filter>
    </ClInclude>
  </ItemGroup>
  <ItemGroup>
    <ClCompile Include="land.cpp">
      <Filter>源文件</Filter>
    </ClCompile>
    <ClCompile Include="main.cpp">
      <Filter>源文件</Filter>
    </ClCompile>
    <ClCompile Include="player.cpp">
      <Filter>源文件</Filter>
    </ClCompile>
    <ClCompile Include="GlobalParameter.cpp">
      <Filter>源文件</Filter>
    </ClCompile>
    <ClCompile Include="CommonStructure.cpp">
      <Filter>源文件</Filter>
    </ClCompile>
    <ClCompile Include="PickupBase.cpp">
      <Filter>源文件\Pickup</Filter>
    </ClCompile>
    <ClCompile Include="Seed.cpp">
      <Filter>源文件\Pickup</Filter>
    </ClCompile>
    <ClCompile Include="Stone.cpp">
      <Filter>源文件\Pickup</Filter>
    </ClCompile>
    <ClCompile Include="Tree.cpp">
      <Filter>源文件\Pickup</Filter>
    </ClCompile>
    <ClCompile Include="InteractiveBase.cpp">
      <Filter>源文件\Interactive</Filter>
    </ClCompile>
    <ClCompile Include="Constructer.cpp">
      <Filter>源文件\Interactive</Filter>
    </ClCompile>
    <ClCompile Include="Cooker.cpp">
      <Filter>源文件\Interactive</Filter>
    </ClCompile>
    <ClCompile Include="Gardener.cpp">
      <Filter>源文件\Interactive</Filter>
    </ClCompile>
    <ClCompile Include="Placer.cpp">
      <Filter>源文件\Interactive</Filter>
    </ClCompile>
  </ItemGroup>
</Project>